
Microsoft Visual Studio Solution File, Format Version 12.00
# Visual Studio 15
VisualStudioVersion = 15.0.28307.1082
MinimumVisualStudioVersion = 10.0.40219.1
Project("{888888A0-9F3D-457C-B088-3A5042F75D52}") = "rnn_demo", "rnn_demo\rnn_demo.pyproj", "{E83E493F-465B-4905-A14D-65064A18CFA1}"
EndProject
Global
	GlobalSection(SolutionConfigurationPlatforms) = preSolution
		Debug|Any CPU = Debug|Any CPU
		Release|Any CPU = Release|Any CPU
	EndGlobalSection
	GlobalSection(ProjectConfigurationPlatforms) = postSolution
		{E83E493F-465B-4905-A14D-65064A18CFA1}.Debug|Any CPU.ActiveCfg = Debug|Any CPU
		{E83E493F-465B-4905-A14D-65064A18CFA1}.Release|Any CPU.ActiveCfg = Release|Any CPU
	EndGlobalSection
	GlobalSection(SolutionProperties) = preSolution
		HideSolutionNode = FALSE
	EndGlobalSection
	GlobalSection(ExtensibilityGlobals) = postSolution
		SolutionGuid = {54BD6C74-8E1D-4D47-9478-5C2F181AD1A1}
	EndGlobalSection
EndGlobal
